<?xml version="1.0" encoding="UTF-8" standalone="yes" ?>
<CodeBlocks_project_file>
	<FileVersion major="1" minor="6" />
	<Project>
		<Option title="1945" />
		<Option pch_mode="2" />
		<Option compiler="gcc" />
		<Build>
			<Target title="Debug">
				<Option output="bin/Debug/GameVietnamWar" prefix_auto="1" extension_auto="1" />
				<Option object_output="obj/Debug/" />
				<Option type="1" />
				<Option compiler="gcc" />
				<Compiler>
					<Add option="-g" />
					<Add directory="sources/core" />
					<Add directory="include" />
					<Add directory="./" />
					<Add directory="F:/CodeblocksProject/1945/1945/include" />
					<Add directory="include/Character" />
				</Compiler>
			</Target>
			<Target title="Release">
				<Option output="bin/Release/GameVietnamWar" prefix_auto="1" extension_auto="1" />
				<Option object_output="obj/Release/" />
				<Option type="1" />
				<Option compiler="gcc" />
				<Compiler>
					<Add option="-O2" />
					<Add directory="sources/core" />
					<Add directory="include" />
					<Add directory="./" />
					<Add directory="F:/CodeblocksProject/1945/1945/include" />
					<Add directory="include/Character" />
				</Compiler>
				<Linker>
					<Add option="-s" />
				</Linker>
			</Target>
		</Build>
		<Compiler>
			<Add option="-Wall" />
			<Add option="-fexceptions" />
		</Compiler>
		<Unit filename="include/Entity.hpp" />
		<Unit filename="include/Math.hpp" />
		<Unit filename="include/RenderWindow.hpp" />
		<Unit filename="include/Utils.hpp" />
		<Unit filename="include/entity.cpp" />
		<Unit filename="include/renderwindow.cpp" />
		<Unit filename="main.cpp" />
		<Extensions />
	</Project>
</CodeBlocks_project_file>
